
Microsoft Visual Studio Solution File, Format Version 12.00
# Visual Studio Version 16
VisualStudioVersion = 16.0.29209.62
MinimumVisualStudioVersion = 10.0.40219.1
Project("{FAE04EC0-301F-11D3-BF4B-00C04F79EFBC}") = "AppTorneos", "AppTorneos.csproj", "{8123DCF3-44CF-4D2A-AECC-4C534A794909}"
EndProject
Global
	GlobalSection(SolutionConfigurationPlatforms) = preSolution
		Debug|Any CPU = Debug|Any CPU
		Release|Any CPU = Release|Any CPU
	EndGlobalSection
	GlobalSection(ProjectConfigurationPlatforms) = postSolution
		{8123DCF3-44CF-4D2A-AECC-4C534A794909}.Debug|Any CPU.ActiveCfg = Debug|Any CPU
		{8123DCF3-44CF-4D2A-AECC-4C534A794909}.Debug|Any CPU.Build.0 = Debug|Any CPU
		{8123DCF3-44CF-4D2A-AECC-4C534A794909}.Release|Any CPU.ActiveCfg = Release|Any CPU
		{8123DCF3-44CF-4D2A-AECC-4C534A794909}.Release|Any CPU.Build.0 = Release|Any CPU
	EndGlobalSection
	GlobalSection(SolutionProperties) = preSolution
		HideSolutionNode = FALSE
	EndGlobalSection
	GlobalSection(ExtensibilityGlobals) = postSolution
		SolutionGuid = {5BD7595A-ABCA-4DB5-B1B1-BE7CB43B1C74}
	EndGlobalSection
EndGlobal
